
Microsoft Visual Studio Solution File, Format Version 12.00
# Visual Studio 15
VisualStudioVersion = 15.0.28307.572
MinimumVisualStudioVersion = 10.0.40219.1
Project("{9A19103F-16F7-4668-BE54-9A1E7A4F7556}") = "Core.Api", "Core.Api\Core.Api.csproj", "{437FDCBD-D4B4-447D-B3EF-A6E7FA1B0727}"
EndProject
Project("{9A19103F-16F7-4668-BE54-9A1E7A4F7556}") = "Core.Model", "Core.Models\Core.Model.csproj", "{A443552B-B90B-4C2A-AB3C-9A3E35A9847C}"
EndProject
Project("{9A19103F-16F7-4668-BE54-9A1E7A4F7556}") = "Core.Service", "Core.Service\Core.Service.csproj", "{7DC7B6B1-340D-4A31-BB19-74A96B6A3167}"
EndProject
Project("{9A19103F-16F7-4668-BE54-9A1E7A4F7556}") = "Core.Repository", "Core.Repository\Core.Repository.csproj", "{9E43239F-437C-4641-96FA-B0C71B707E87}"
EndProject
Project("{9A19103F-16F7-4668-BE54-9A1E7A4F7556}") = "Core.Web", "Core.Web\Core.Web.csproj", "{88D4129D-7812-4DB3-AF24-48761220B605}"
EndProject
Project("{9A19103F-16F7-4668-BE54-9A1E7A4F7556}") = "Core.Mvc", "Core.Mvc\Core.Mvc.csproj", "{8BFAF488-B8AD-4A7C-9457-B74C0D1400EC}"
EndProject
Project("{9A19103F-16F7-4668-BE54-9A1E7A4F7556}") = "Core.Extension", "Core.Extension\Core.Extension.csproj", "{9577107D-8BE9-4762-84EE-BABF834AC4FE}"
EndProject
Project("{9A19103F-16F7-4668-BE54-9A1E7A4F7556}") = "Core.Resource", "Core.Resource\Core.Resource.csproj", "{4184D335-132A-4145-A345-8B0BCCB0B811}"
EndProject
Project("{9A19103F-16F7-4668-BE54-9A1E7A4F7556}") = "Core.Entity", "Core.Entity\Core.Entity.csproj", "{58993CB3-F9C5-487F-9D4B-37C1BE7CB8C5}"
EndProject
Global
	GlobalSection(SolutionConfigurationPlatforms) = preSolution
		Debug|Any CPU = Debug|Any CPU
		Release|Any CPU = Release|Any CPU
	EndGlobalSection
	GlobalSection(ProjectConfigurationPlatforms) = postSolution
		{437FDCBD-D4B4-447D-B3EF-A6E7FA1B0727}.Debug|Any CPU.ActiveCfg = Debug|Any CPU
		{437FDCBD-D4B4-447D-B3EF-A6E7FA1B0727}.Debug|Any CPU.Build.0 = Debug|Any CPU
		{437FDCBD-D4B4-447D-B3EF-A6E7FA1B0727}.Release|Any CPU.ActiveCfg = Release|Any CPU
		{437FDCBD-D4B4-447D-B3EF-A6E7FA1B0727}.Release|Any CPU.Build.0 = Release|Any CPU
		{A443552B-B90B-4C2A-AB3C-9A3E35A9847C}.Debug|Any CPU.ActiveCfg = Debug|Any CPU
		{A443552B-B90B-4C2A-AB3C-9A3E35A9847C}.Debug|Any CPU.Build.0 = Debug|Any CPU
		{A443552B-B90B-4C2A-AB3C-9A3E35A9847C}.Release|Any CPU.ActiveCfg = Release|Any CPU
		{A443552B-B90B-4C2A-AB3C-9A3E35A9847C}.Release|Any CPU.Build.0 = Release|Any CPU
		{7DC7B6B1-340D-4A31-BB19-74A96B6A3167}.Debug|Any CPU.ActiveCfg = Debug|Any CPU
		{7DC7B6B1-340D-4A31-BB19-74A96B6A3167}.Debug|Any CPU.Build.0 = Debug|Any CPU
		{7DC7B6B1-340D-4A31-BB19-74A96B6A3167}.Release|Any CPU.ActiveCfg = Release|Any CPU
		{7DC7B6B1-340D-4A31-BB19-74A96B6A3167}.Release|Any CPU.Build.0 = Release|Any CPU
		{9E43239F-437C-4641-96FA-B0C71B707E87}.Debug|Any CPU.ActiveCfg = Debug|Any CPU
		{9E43239F-437C-4641-96FA-B0C71B707E87}.Debug|Any CPU.Build.0 = Debug|Any CPU
		{9E43239F-437C-4641-96FA-B0C71B707E87}.Release|Any CPU.ActiveCfg = Release|Any CPU
		{9E43239F-437C-4641-96FA-B0C71B707E87}.Release|Any CPU.Build.0 = Release|Any CPU
		{88D4129D-7812-4DB3-AF24-48761220B605}.Debug|Any CPU.ActiveCfg = Debug|Any CPU
		{88D4129D-7812-4DB3-AF24-48761220B605}.Debug|Any CPU.Build.0 = Debug|Any CPU
		{88D4129D-7812-4DB3-AF24-48761220B605}.Release|Any CPU.ActiveCfg = Release|Any CPU
		{88D4129D-7812-4DB3-AF24-48761220B605}.Release|Any CPU.Build.0 = Release|Any CPU
		{8BFAF488-B8AD-4A7C-9457-B74C0D1400EC}.Debug|Any CPU.ActiveCfg = Debug|Any CPU
		{8BFAF488-B8AD-4A7C-9457-B74C0D1400EC}.Debug|Any CPU.Build.0 = Debug|Any CPU
		{8BFAF488-B8AD-4A7C-9457-B74C0D1400EC}.Release|Any CPU.ActiveCfg = Release|Any CPU
		{8BFAF488-B8AD-4A7C-9457-B74C0D1400EC}.Release|Any CPU.Build.0 = Release|Any CPU
		{9577107D-8BE9-4762-84EE-BABF834AC4FE}.Debug|Any CPU.ActiveCfg = Debug|Any CPU
		{9577107D-8BE9-4762-84EE-BABF834AC4FE}.Debug|Any CPU.Build.0 = Debug|Any CPU
		{9577107D-8BE9-4762-84EE-BABF834AC4FE}.Release|Any CPU.ActiveCfg = Release|Any CPU
		{9577107D-8BE9-4762-84EE-BABF834AC4FE}.Release|Any CPU.Build.0 = Release|Any CPU
		{4184D335-132A-4145-A345-8B0BCCB0B811}.Debug|Any CPU.ActiveCfg = Debug|Any CPU
		{4184D335-132A-4145-A345-8B0BCCB0B811}.Debug|Any CPU.Build.0 = Debug|Any CPU
		{4184D335-132A-4145-A345-8B0BCCB0B811}.Release|Any CPU.ActiveCfg = Release|Any CPU
		{4184D335-132A-4145-A345-8B0BCCB0B811}.Release|Any CPU.Build.0 = Release|Any CPU
		{58993CB3-F9C5-487F-9D4B-37C1BE7CB8C5}.Debug|Any CPU.ActiveCfg = Debug|Any CPU
		{58993CB3-F9C5-487F-9D4B-37C1BE7CB8C5}.Debug|Any CPU.Build.0 = Debug|Any CPU
		{58993CB3-F9C5-487F-9D4B-37C1BE7CB8C5}.Release|Any CPU.ActiveCfg = Release|Any CPU
		{58993CB3-F9C5-487F-9D4B-37C1BE7CB8C5}.Release|Any CPU.Build.0 = Release|Any CPU
	EndGlobalSection
	GlobalSection(SolutionProperties) = preSolution
		HideSolutionNode = FALSE
	EndGlobalSection
	GlobalSection(ExtensibilityGlobals) = postSolution
		SolutionGuid = {4EAD6CA8-E31F-438F-87D3-DB320C07D331}
	EndGlobalSection
EndGlobal
