
Microsoft Visual Studio Solution File, Format Version 12.00
# Visual Studio Version 16
VisualStudioVersion = 16.0.28917.182
MinimumVisualStudioVersion = 10.0.40219.1
Project("{9A19103F-16F7-4668-BE54-9A1E7A4F7556}") = "Core.Model", "Core.Models\Core.Model.csproj", "{A443552B-B90B-4C2A-AB3C-9A3E35A9847C}"
EndProject
Project("{9A19103F-16F7-4668-BE54-9A1E7A4F7556}") = "Core.Web", "Core.Web\Core.Web.csproj", "{88D4129D-7812-4DB3-AF24-48761220B605}"
EndProject
Project("{9A19103F-16F7-4668-BE54-9A1E7A4F7556}") = "Core.Extension", "Core.Extension\Core.Extension.csproj", "{9577107D-8BE9-4762-84EE-BABF834AC4FE}"
EndProject
Project("{9A19103F-16F7-4668-BE54-9A1E7A4F7556}") = "Core.Mvc.Resource", "Core.Resource\Core.Mvc.Resource.csproj", "{4184D335-132A-4145-A345-8B0BCCB0B811}"
EndProject
Project("{9A19103F-16F7-4668-BE54-9A1E7A4F7556}") = "Core.Entity", "Core.Entity\Core.Entity.csproj", "{58993CB3-F9C5-487F-9D4B-37C1BE7CB8C5}"
EndProject
Project("{9A19103F-16F7-4668-BE54-9A1E7A4F7556}") = "Core.UnitTest", "UnitTest\Core.UnitTest.csproj", "{C547062C-2B2A-4ACC-AE74-7F30F4718177}"
EndProject
Project("{9A19103F-16F7-4668-BE54-9A1E7A4F7556}") = "EntityFrameworkCore.Generator", "EntityFrameworkCore.Generator\EntityFrameworkCore.Generator.csproj", "{B32BBD06-0CBE-4942-80CD-A34C721A8B3D}"
EndProject
Project("{9A19103F-16F7-4668-BE54-9A1E7A4F7556}") = "EntityFrameworkCore.Generator.Test", "EntityFrameworkCore.Generator.Core.Tests\EntityFrameworkCore.Generator.Test.csproj", "{03A83D5B-1087-4C66-B9B5-52BD1F85F409}"
EndProject
Project("{9A19103F-16F7-4668-BE54-9A1E7A4F7556}") = "Route.Generator", "Route.Generator\Route.Generator.csproj", "{624505F8-FB37-4729-A65A-BA8E84A9D08F}"
EndProject
Project("{9A19103F-16F7-4668-BE54-9A1E7A4F7556}") = "Core.Mvc", "Core.Mvc\Core.Mvc.csproj", "{12A93F71-0B47-43D4-AF52-2024E91EBD93}"
EndProject
Project("{9A19103F-16F7-4668-BE54-9A1E7A4F7556}") = "Core.Api", "Core.Api\Core.Api.csproj", "{E5917EC2-13A2-4980-8803-68FD4D42FD45}"
EndProject
Global
	GlobalSection(SolutionConfigurationPlatforms) = preSolution
		Debug|Any CPU = Debug|Any CPU
		Release|Any CPU = Release|Any CPU
	EndGlobalSection
	GlobalSection(ProjectConfigurationPlatforms) = postSolution
		{A443552B-B90B-4C2A-AB3C-9A3E35A9847C}.Debug|Any CPU.ActiveCfg = Debug|Any CPU
		{A443552B-B90B-4C2A-AB3C-9A3E35A9847C}.Debug|Any CPU.Build.0 = Debug|Any CPU
		{A443552B-B90B-4C2A-AB3C-9A3E35A9847C}.Release|Any CPU.ActiveCfg = Release|Any CPU
		{A443552B-B90B-4C2A-AB3C-9A3E35A9847C}.Release|Any CPU.Build.0 = Release|Any CPU
		{88D4129D-7812-4DB3-AF24-48761220B605}.Debug|Any CPU.ActiveCfg = Debug|Any CPU
		{88D4129D-7812-4DB3-AF24-48761220B605}.Debug|Any CPU.Build.0 = Debug|Any CPU
		{88D4129D-7812-4DB3-AF24-48761220B605}.Release|Any CPU.ActiveCfg = Release|Any CPU
		{88D4129D-7812-4DB3-AF24-48761220B605}.Release|Any CPU.Build.0 = Release|Any CPU
		{9577107D-8BE9-4762-84EE-BABF834AC4FE}.Debug|Any CPU.ActiveCfg = Debug|Any CPU
		{9577107D-8BE9-4762-84EE-BABF834AC4FE}.Debug|Any CPU.Build.0 = Debug|Any CPU
		{9577107D-8BE9-4762-84EE-BABF834AC4FE}.Release|Any CPU.ActiveCfg = Release|Any CPU
		{9577107D-8BE9-4762-84EE-BABF834AC4FE}.Release|Any CPU.Build.0 = Release|Any CPU
		{4184D335-132A-4145-A345-8B0BCCB0B811}.Debug|Any CPU.ActiveCfg = Debug|Any CPU
		{4184D335-132A-4145-A345-8B0BCCB0B811}.Debug|Any CPU.Build.0 = Debug|Any CPU
		{4184D335-132A-4145-A345-8B0BCCB0B811}.Release|Any CPU.ActiveCfg = Release|Any CPU
		{4184D335-132A-4145-A345-8B0BCCB0B811}.Release|Any CPU.Build.0 = Release|Any CPU
		{58993CB3-F9C5-487F-9D4B-37C1BE7CB8C5}.Debug|Any CPU.ActiveCfg = Debug|Any CPU
		{58993CB3-F9C5-487F-9D4B-37C1BE7CB8C5}.Debug|Any CPU.Build.0 = Debug|Any CPU
		{58993CB3-F9C5-487F-9D4B-37C1BE7CB8C5}.Release|Any CPU.ActiveCfg = Release|Any CPU
		{58993CB3-F9C5-487F-9D4B-37C1BE7CB8C5}.Release|Any CPU.Build.0 = Release|Any CPU
		{C547062C-2B2A-4ACC-AE74-7F30F4718177}.Debug|Any CPU.ActiveCfg = Debug|Any CPU
		{C547062C-2B2A-4ACC-AE74-7F30F4718177}.Debug|Any CPU.Build.0 = Debug|Any CPU
		{C547062C-2B2A-4ACC-AE74-7F30F4718177}.Release|Any CPU.ActiveCfg = Release|Any CPU
		{C547062C-2B2A-4ACC-AE74-7F30F4718177}.Release|Any CPU.Build.0 = Release|Any CPU
		{B32BBD06-0CBE-4942-80CD-A34C721A8B3D}.Debug|Any CPU.ActiveCfg = Debug|Any CPU
		{B32BBD06-0CBE-4942-80CD-A34C721A8B3D}.Debug|Any CPU.Build.0 = Debug|Any CPU
		{B32BBD06-0CBE-4942-80CD-A34C721A8B3D}.Release|Any CPU.ActiveCfg = Release|Any CPU
		{B32BBD06-0CBE-4942-80CD-A34C721A8B3D}.Release|Any CPU.Build.0 = Release|Any CPU
		{03A83D5B-1087-4C66-B9B5-52BD1F85F409}.Debug|Any CPU.ActiveCfg = Debug|Any CPU
		{03A83D5B-1087-4C66-B9B5-52BD1F85F409}.Debug|Any CPU.Build.0 = Debug|Any CPU
		{03A83D5B-1087-4C66-B9B5-52BD1F85F409}.Release|Any CPU.ActiveCfg = Release|Any CPU
		{03A83D5B-1087-4C66-B9B5-52BD1F85F409}.Release|Any CPU.Build.0 = Release|Any CPU
		{624505F8-FB37-4729-A65A-BA8E84A9D08F}.Debug|Any CPU.ActiveCfg = Debug|Any CPU
		{624505F8-FB37-4729-A65A-BA8E84A9D08F}.Debug|Any CPU.Build.0 = Debug|Any CPU
		{624505F8-FB37-4729-A65A-BA8E84A9D08F}.Release|Any CPU.ActiveCfg = Release|Any CPU
		{624505F8-FB37-4729-A65A-BA8E84A9D08F}.Release|Any CPU.Build.0 = Release|Any CPU
		{12A93F71-0B47-43D4-AF52-2024E91EBD93}.Debug|Any CPU.ActiveCfg = Debug|Any CPU
		{12A93F71-0B47-43D4-AF52-2024E91EBD93}.Debug|Any CPU.Build.0 = Debug|Any CPU
		{12A93F71-0B47-43D4-AF52-2024E91EBD93}.Release|Any CPU.ActiveCfg = Release|Any CPU
		{12A93F71-0B47-43D4-AF52-2024E91EBD93}.Release|Any CPU.Build.0 = Release|Any CPU
		{E5917EC2-13A2-4980-8803-68FD4D42FD45}.Debug|Any CPU.ActiveCfg = Debug|Any CPU
		{E5917EC2-13A2-4980-8803-68FD4D42FD45}.Debug|Any CPU.Build.0 = Debug|Any CPU
		{E5917EC2-13A2-4980-8803-68FD4D42FD45}.Release|Any CPU.ActiveCfg = Release|Any CPU
		{E5917EC2-13A2-4980-8803-68FD4D42FD45}.Release|Any CPU.Build.0 = Release|Any CPU
	EndGlobalSection
	GlobalSection(SolutionProperties) = preSolution
		HideSolutionNode = FALSE
	EndGlobalSection
	GlobalSection(ExtensibilityGlobals) = postSolution
		SolutionGuid = {4EAD6CA8-E31F-438F-87D3-DB320C07D331}
	EndGlobalSection
EndGlobal
